
Microsoft Visual Studio Solution File, Format Version 12.00
# Visual Studio Version 17
VisualStudioVersion = 17.14.36518.9 d17.14
MinimumVisualStudioVersion = 10.0.40219.1
Project("{FAE04EC0-301F-11D3-BF4B-00C04F79EFBC}") = "socket2", "socket2\socket2.csproj", "{808074FE-96CC-4A71-9563-7F9DE3D4042C}"
EndProject
Global
	GlobalSection(SolutionConfigurationPlatforms) = preSolution
		Debug|Any CPU = Debug|Any CPU
		Release|Any CPU = Release|Any CPU
	EndGlobalSection
	GlobalSection(ProjectConfigurationPlatforms) = postSolution
		{808074FE-96CC-4A71-9563-7F9DE3D4042C}.Debug|Any CPU.ActiveCfg = Debug|Any CPU
		{808074FE-96CC-4A71-9563-7F9DE3D4042C}.Debug|Any CPU.Build.0 = Debug|Any CPU
		{808074FE-96CC-4A71-9563-7F9DE3D4042C}.Release|Any CPU.ActiveCfg = Release|Any CPU
		{808074FE-96CC-4A71-9563-7F9DE3D4042C}.Release|Any CPU.Build.0 = Release|Any CPU
	EndGlobalSection
	GlobalSection(SolutionProperties) = preSolution
		HideSolutionNode = FALSE
	EndGlobalSection
	GlobalSection(ExtensibilityGlobals) = postSolution
		SolutionGuid = {9BAE607C-1566-4BD5-A94B-4A635E5382BD}
	EndGlobalSection
EndGlobal
